
Microsoft Visual Studio Solution File, Format Version 12.00
# Visual Studio 15
Project("{FAE04EC0-301F-11D3-BF4B-00C04F79EFBC}") = "MoviesAPI", "MoviesAPI\MoviesAPI.csproj", "{460527FD-8436-47CB-AED4-9C1701025DE5}"
EndProject
Project("{FAE04EC0-301F-11D3-BF4B-00C04F79EFBC}") = "unit-tests", "unit-tests\unit-tests.csproj", "{854AE29E-D97E-4A42-85EC-D8B4B6D120B6}"
EndProject
Global
	GlobalSection(SolutionConfigurationPlatforms) = preSolution
		Debug|Any CPU = Debug|Any CPU
		Release|Any CPU = Release|Any CPU
	EndGlobalSection
	GlobalSection(ProjectConfigurationPlatforms) = postSolution
		{460527FD-8436-47CB-AED4-9C1701025DE5}.Debug|Any CPU.ActiveCfg = Debug|Any CPU
		{460527FD-8436-47CB-AED4-9C1701025DE5}.Debug|Any CPU.Build.0 = Debug|Any CPU
		{460527FD-8436-47CB-AED4-9C1701025DE5}.Release|Any CPU.ActiveCfg = Release|Any CPU
		{460527FD-8436-47CB-AED4-9C1701025DE5}.Release|Any CPU.Build.0 = Release|Any CPU
		{854AE29E-D97E-4A42-85EC-D8B4B6D120B6}.Debug|Any CPU.ActiveCfg = Debug|Any CPU
		{854AE29E-D97E-4A42-85EC-D8B4B6D120B6}.Debug|Any CPU.Build.0 = Debug|Any CPU
		{854AE29E-D97E-4A42-85EC-D8B4B6D120B6}.Release|Any CPU.ActiveCfg = Release|Any CPU
		{854AE29E-D97E-4A42-85EC-D8B4B6D120B6}.Release|Any CPU.Build.0 = Release|Any CPU
	EndGlobalSection
EndGlobal
